
Microsoft Visual Studio Solution File, Format Version 12.00
# Visual Studio Version 16
VisualStudioVersion = 16.0.30114.105
MinimumVisualStudioVersion = 10.0.40219.1
Project("{FAE04EC0-301F-11D3-BF4B-00C04F79EFBC}") = "R5T.S0024", "R5T.S0024\R5T.S0024.csproj", "{6D0C9151-2120-4BA8-BE63-62AFEEF0125C}"
EndProject
Project("{FAE04EC0-301F-11D3-BF4B-00C04F79EFBC}") = "R5T.S0024.Library", "R5T.S0024.Library\R5T.S0024.Library.csproj", "{568FFCDB-C7C8-4E57-869E-DAF3075B9EDC}"
EndProject
Project("{2150E333-8FDC-42A3-9474-1A3956D46DE8}") = "_Dependencies", "_Dependencies", "{588D5B2D-459A-4D5A-98D2-1A20CCA48AD8}"
EndProject
Project("{FAE04EC0-301F-11D3-BF4B-00C04F79EFBC}") = "R5T.T0064", "..\..\R5T.T0064\source\R5T.T0064\R5T.T0064.csproj", "{969B1C4A-97E8-4B88-99E9-E1E032CF0E38}"
EndProject
Global
	GlobalSection(SolutionConfigurationPlatforms) = preSolution
		Debug|Any CPU = Debug|Any CPU
		Debug|x64 = Debug|x64
		Debug|x86 = Debug|x86
		Release|Any CPU = Release|Any CPU
		Release|x64 = Release|x64
		Release|x86 = Release|x86
	EndGlobalSection
	GlobalSection(SolutionProperties) = preSolution
		HideSolutionNode = FALSE
	EndGlobalSection
	GlobalSection(ProjectConfigurationPlatforms) = postSolution
		{6D0C9151-2120-4BA8-BE63-62AFEEF0125C}.Debug|Any CPU.ActiveCfg = Debug|Any CPU
		{6D0C9151-2120-4BA8-BE63-62AFEEF0125C}.Debug|Any CPU.Build.0 = Debug|Any CPU
		{6D0C9151-2120-4BA8-BE63-62AFEEF0125C}.Debug|x64.ActiveCfg = Debug|Any CPU
		{6D0C9151-2120-4BA8-BE63-62AFEEF0125C}.Debug|x64.Build.0 = Debug|Any CPU
		{6D0C9151-2120-4BA8-BE63-62AFEEF0125C}.Debug|x86.ActiveCfg = Debug|Any CPU
		{6D0C9151-2120-4BA8-BE63-62AFEEF0125C}.Debug|x86.Build.0 = Debug|Any CPU
		{6D0C9151-2120-4BA8-BE63-62AFEEF0125C}.Release|Any CPU.ActiveCfg = Release|Any CPU
		{6D0C9151-2120-4BA8-BE63-62AFEEF0125C}.Release|Any CPU.Build.0 = Release|Any CPU
		{6D0C9151-2120-4BA8-BE63-62AFEEF0125C}.Release|x64.ActiveCfg = Release|Any CPU
		{6D0C9151-2120-4BA8-BE63-62AFEEF0125C}.Release|x64.Build.0 = Release|Any CPU
		{6D0C9151-2120-4BA8-BE63-62AFEEF0125C}.Release|x86.ActiveCfg = Release|Any CPU
		{6D0C9151-2120-4BA8-BE63-62AFEEF0125C}.Release|x86.Build.0 = Release|Any CPU
		{568FFCDB-C7C8-4E57-869E-DAF3075B9EDC}.Debug|Any CPU.ActiveCfg = Debug|Any CPU
		{568FFCDB-C7C8-4E57-869E-DAF3075B9EDC}.Debug|Any CPU.Build.0 = Debug|Any CPU
		{568FFCDB-C7C8-4E57-869E-DAF3075B9EDC}.Debug|x64.ActiveCfg = Debug|Any CPU
		{568FFCDB-C7C8-4E57-869E-DAF3075B9EDC}.Debug|x64.Build.0 = Debug|Any CPU
		{568FFCDB-C7C8-4E57-869E-DAF3075B9EDC}.Debug|x86.ActiveCfg = Debug|Any CPU
		{568FFCDB-C7C8-4E57-869E-DAF3075B9EDC}.Debug|x86.Build.0 = Debug|Any CPU
		{568FFCDB-C7C8-4E57-869E-DAF3075B9EDC}.Release|Any CPU.ActiveCfg = Release|Any CPU
		{568FFCDB-C7C8-4E57-869E-DAF3075B9EDC}.Release|Any CPU.Build.0 = Release|Any CPU
		{568FFCDB-C7C8-4E57-869E-DAF3075B9EDC}.Release|x64.ActiveCfg = Release|Any CPU
		{568FFCDB-C7C8-4E57-869E-DAF3075B9EDC}.Release|x64.Build.0 = Release|Any CPU
		{568FFCDB-C7C8-4E57-869E-DAF3075B9EDC}.Release|x86.ActiveCfg = Release|Any CPU
		{568FFCDB-C7C8-4E57-869E-DAF3075B9EDC}.Release|x86.Build.0 = Release|Any CPU
		{969B1C4A-97E8-4B88-99E9-E1E032CF0E38}.Debug|Any CPU.ActiveCfg = Debug|Any CPU
		{969B1C4A-97E8-4B88-99E9-E1E032CF0E38}.Debug|Any CPU.Build.0 = Debug|Any CPU
		{969B1C4A-97E8-4B88-99E9-E1E032CF0E38}.Debug|x64.ActiveCfg = Debug|Any CPU
		{969B1C4A-97E8-4B88-99E9-E1E032CF0E38}.Debug|x64.Build.0 = Debug|Any CPU
		{969B1C4A-97E8-4B88-99E9-E1E032CF0E38}.Debug|x86.ActiveCfg = Debug|Any CPU
		{969B1C4A-97E8-4B88-99E9-E1E032CF0E38}.Debug|x86.Build.0 = Debug|Any CPU
		{969B1C4A-97E8-4B88-99E9-E1E032CF0E38}.Release|Any CPU.ActiveCfg = Release|Any CPU
		{969B1C4A-97E8-4B88-99E9-E1E032CF0E38}.Release|Any CPU.Build.0 = Release|Any CPU
		{969B1C4A-97E8-4B88-99E9-E1E032CF0E38}.Release|x64.ActiveCfg = Release|Any CPU
		{969B1C4A-97E8-4B88-99E9-E1E032CF0E38}.Release|x64.Build.0 = Release|Any CPU
		{969B1C4A-97E8-4B88-99E9-E1E032CF0E38}.Release|x86.ActiveCfg = Release|Any CPU
		{969B1C4A-97E8-4B88-99E9-E1E032CF0E38}.Release|x86.Build.0 = Release|Any CPU
	EndGlobalSection
	GlobalSection(NestedProjects) = preSolution
		{969B1C4A-97E8-4B88-99E9-E1E032CF0E38} = {588D5B2D-459A-4D5A-98D2-1A20CCA48AD8}
	EndGlobalSection
EndGlobal
