
Microsoft Visual Studio Solution File, Format Version 12.00
# Visual Studio Version 16
VisualStudioVersion = 16.6.30114.105
MinimumVisualStudioVersion = 10.0.40219.1
Project("{FAE04EC0-301F-11D3-BF4B-00C04F79EFBC}") = "R5T.S0024", "R5T.S0024\R5T.S0024.csproj", "{B72E29F2-ED33-4B27-BF86-AE2B5A069081}"
EndProject
Project("{2150E333-8FDC-42A3-9474-1A3956D46DE8}") = "_Dependencies", "_Dependencies", "{02224D59-AB20-4813-8BB9-50CE12354D3B}"
EndProject
Project("{FAE04EC0-301F-11D3-BF4B-00C04F79EFBC}") = "R5T.Plymouth.ProgramAsAService", "..\..\R5T.Plymouth\source\R5T.Plymouth.ProgramAsAService\R5T.Plymouth.ProgramAsAService.csproj", "{AA4FC097-61AE-4F1B-B198-3CC2382631EB}"
EndProject
Project("{FAE04EC0-301F-11D3-BF4B-00C04F79EFBC}") = "R5T.T0027.T009", "..\..\R5T.T0027\source\R5T.T0027.T009\R5T.T0027.T009.csproj", "{AD948EA8-4599-447B-88A9-704372485590}"
EndProject
Project("{FAE04EC0-301F-11D3-BF4B-00C04F79EFBC}") = "R5T.S0024.Lib", "R5T.S0024.Lib\R5T.S0024.Lib.csproj", "{CD5EE726-E6E6-4D14-A08D-DA57991068D3}"
EndProject
Project("{FAE04EC0-301F-11D3-BF4B-00C04F79EFBC}") = "R5T.Magyar", "..\..\R5T.Magyar\source\R5T.Magyar\R5T.Magyar.csproj", "{9F2A0D7B-BEA2-414C-920D-7F9A51C1401E}"
EndProject
Project("{FAE04EC0-301F-11D3-BF4B-00C04F79EFBC}") = "R5T.T0039.T002", "..\..\R5T.T0039\source\R5T.T0039.T002\R5T.T0039.T002.csproj", "{6A7B6971-3C09-4B2D-87AE-D838E9530B26}"
EndProject
Global
	GlobalSection(SolutionConfigurationPlatforms) = preSolution
		Debug|Any CPU = Debug|Any CPU
		Debug|x64 = Debug|x64
		Debug|x86 = Debug|x86
		Release|Any CPU = Release|Any CPU
		Release|x64 = Release|x64
		Release|x86 = Release|x86
	EndGlobalSection
	GlobalSection(SolutionProperties) = preSolution
		HideSolutionNode = FALSE
	EndGlobalSection
	GlobalSection(ProjectConfigurationPlatforms) = postSolution
		{B72E29F2-ED33-4B27-BF86-AE2B5A069081}.Debug|Any CPU.ActiveCfg = Debug|Any CPU
		{B72E29F2-ED33-4B27-BF86-AE2B5A069081}.Debug|Any CPU.Build.0 = Debug|Any CPU
		{B72E29F2-ED33-4B27-BF86-AE2B5A069081}.Debug|x64.ActiveCfg = Debug|Any CPU
		{B72E29F2-ED33-4B27-BF86-AE2B5A069081}.Debug|x64.Build.0 = Debug|Any CPU
		{B72E29F2-ED33-4B27-BF86-AE2B5A069081}.Debug|x86.ActiveCfg = Debug|Any CPU
		{B72E29F2-ED33-4B27-BF86-AE2B5A069081}.Debug|x86.Build.0 = Debug|Any CPU
		{B72E29F2-ED33-4B27-BF86-AE2B5A069081}.Release|Any CPU.ActiveCfg = Release|Any CPU
		{B72E29F2-ED33-4B27-BF86-AE2B5A069081}.Release|Any CPU.Build.0 = Release|Any CPU
		{B72E29F2-ED33-4B27-BF86-AE2B5A069081}.Release|x64.ActiveCfg = Release|Any CPU
		{B72E29F2-ED33-4B27-BF86-AE2B5A069081}.Release|x64.Build.0 = Release|Any CPU
		{B72E29F2-ED33-4B27-BF86-AE2B5A069081}.Release|x86.ActiveCfg = Release|Any CPU
		{B72E29F2-ED33-4B27-BF86-AE2B5A069081}.Release|x86.Build.0 = Release|Any CPU
		{AA4FC097-61AE-4F1B-B198-3CC2382631EB}.Debug|Any CPU.ActiveCfg = Debug|Any CPU
		{AA4FC097-61AE-4F1B-B198-3CC2382631EB}.Debug|Any CPU.Build.0 = Debug|Any CPU
		{AA4FC097-61AE-4F1B-B198-3CC2382631EB}.Debug|x64.ActiveCfg = Debug|Any CPU
		{AA4FC097-61AE-4F1B-B198-3CC2382631EB}.Debug|x64.Build.0 = Debug|Any CPU
		{AA4FC097-61AE-4F1B-B198-3CC2382631EB}.Debug|x86.ActiveCfg = Debug|Any CPU
		{AA4FC097-61AE-4F1B-B198-3CC2382631EB}.Debug|x86.Build.0 = Debug|Any CPU
		{AA4FC097-61AE-4F1B-B198-3CC2382631EB}.Release|Any CPU.ActiveCfg = Release|Any CPU
		{AA4FC097-61AE-4F1B-B198-3CC2382631EB}.Release|Any CPU.Build.0 = Release|Any CPU
		{AA4FC097-61AE-4F1B-B198-3CC2382631EB}.Release|x64.ActiveCfg = Release|Any CPU
		{AA4FC097-61AE-4F1B-B198-3CC2382631EB}.Release|x64.Build.0 = Release|Any CPU
		{AA4FC097-61AE-4F1B-B198-3CC2382631EB}.Release|x86.ActiveCfg = Release|Any CPU
		{AA4FC097-61AE-4F1B-B198-3CC2382631EB}.Release|x86.Build.0 = Release|Any CPU
		{AD948EA8-4599-447B-88A9-704372485590}.Debug|Any CPU.ActiveCfg = Debug|Any CPU
		{AD948EA8-4599-447B-88A9-704372485590}.Debug|Any CPU.Build.0 = Debug|Any CPU
		{AD948EA8-4599-447B-88A9-704372485590}.Debug|x64.ActiveCfg = Debug|Any CPU
		{AD948EA8-4599-447B-88A9-704372485590}.Debug|x64.Build.0 = Debug|Any CPU
		{AD948EA8-4599-447B-88A9-704372485590}.Debug|x86.ActiveCfg = Debug|Any CPU
		{AD948EA8-4599-447B-88A9-704372485590}.Debug|x86.Build.0 = Debug|Any CPU
		{AD948EA8-4599-447B-88A9-704372485590}.Release|Any CPU.ActiveCfg = Release|Any CPU
		{AD948EA8-4599-447B-88A9-704372485590}.Release|Any CPU.Build.0 = Release|Any CPU
		{AD948EA8-4599-447B-88A9-704372485590}.Release|x64.ActiveCfg = Release|Any CPU
		{AD948EA8-4599-447B-88A9-704372485590}.Release|x64.Build.0 = Release|Any CPU
		{AD948EA8-4599-447B-88A9-704372485590}.Release|x86.ActiveCfg = Release|Any CPU
		{AD948EA8-4599-447B-88A9-704372485590}.Release|x86.Build.0 = Release|Any CPU
		{CD5EE726-E6E6-4D14-A08D-DA57991068D3}.Debug|Any CPU.ActiveCfg = Debug|Any CPU
		{CD5EE726-E6E6-4D14-A08D-DA57991068D3}.Debug|Any CPU.Build.0 = Debug|Any CPU
		{CD5EE726-E6E6-4D14-A08D-DA57991068D3}.Debug|x64.ActiveCfg = Debug|Any CPU
		{CD5EE726-E6E6-4D14-A08D-DA57991068D3}.Debug|x64.Build.0 = Debug|Any CPU
		{CD5EE726-E6E6-4D14-A08D-DA57991068D3}.Debug|x86.ActiveCfg = Debug|Any CPU
		{CD5EE726-E6E6-4D14-A08D-DA57991068D3}.Debug|x86.Build.0 = Debug|Any CPU
		{CD5EE726-E6E6-4D14-A08D-DA57991068D3}.Release|Any CPU.ActiveCfg = Release|Any CPU
		{CD5EE726-E6E6-4D14-A08D-DA57991068D3}.Release|Any CPU.Build.0 = Release|Any CPU
		{CD5EE726-E6E6-4D14-A08D-DA57991068D3}.Release|x64.ActiveCfg = Release|Any CPU
		{CD5EE726-E6E6-4D14-A08D-DA57991068D3}.Release|x64.Build.0 = Release|Any CPU
		{CD5EE726-E6E6-4D14-A08D-DA57991068D3}.Release|x86.ActiveCfg = Release|Any CPU
		{CD5EE726-E6E6-4D14-A08D-DA57991068D3}.Release|x86.Build.0 = Release|Any CPU
		{9F2A0D7B-BEA2-414C-920D-7F9A51C1401E}.Debug|Any CPU.ActiveCfg = Debug|Any CPU
		{9F2A0D7B-BEA2-414C-920D-7F9A51C1401E}.Debug|Any CPU.Build.0 = Debug|Any CPU
		{9F2A0D7B-BEA2-414C-920D-7F9A51C1401E}.Debug|x64.ActiveCfg = Debug|Any CPU
		{9F2A0D7B-BEA2-414C-920D-7F9A51C1401E}.Debug|x64.Build.0 = Debug|Any CPU
		{9F2A0D7B-BEA2-414C-920D-7F9A51C1401E}.Debug|x86.ActiveCfg = Debug|Any CPU
		{9F2A0D7B-BEA2-414C-920D-7F9A51C1401E}.Debug|x86.Build.0 = Debug|Any CPU
		{9F2A0D7B-BEA2-414C-920D-7F9A51C1401E}.Release|Any CPU.ActiveCfg = Release|Any CPU
		{9F2A0D7B-BEA2-414C-920D-7F9A51C1401E}.Release|Any CPU.Build.0 = Release|Any CPU
		{9F2A0D7B-BEA2-414C-920D-7F9A51C1401E}.Release|x64.ActiveCfg = Release|Any CPU
		{9F2A0D7B-BEA2-414C-920D-7F9A51C1401E}.Release|x64.Build.0 = Release|Any CPU
		{9F2A0D7B-BEA2-414C-920D-7F9A51C1401E}.Release|x86.ActiveCfg = Release|Any CPU
		{9F2A0D7B-BEA2-414C-920D-7F9A51C1401E}.Release|x86.Build.0 = Release|Any CPU
		{6A7B6971-3C09-4B2D-87AE-D838E9530B26}.Debug|Any CPU.ActiveCfg = Debug|Any CPU
		{6A7B6971-3C09-4B2D-87AE-D838E9530B26}.Debug|Any CPU.Build.0 = Debug|Any CPU
		{6A7B6971-3C09-4B2D-87AE-D838E9530B26}.Debug|x64.ActiveCfg = Debug|Any CPU
		{6A7B6971-3C09-4B2D-87AE-D838E9530B26}.Debug|x64.Build.0 = Debug|Any CPU
		{6A7B6971-3C09-4B2D-87AE-D838E9530B26}.Debug|x86.ActiveCfg = Debug|Any CPU
		{6A7B6971-3C09-4B2D-87AE-D838E9530B26}.Debug|x86.Build.0 = Debug|Any CPU
		{6A7B6971-3C09-4B2D-87AE-D838E9530B26}.Release|Any CPU.ActiveCfg = Release|Any CPU
		{6A7B6971-3C09-4B2D-87AE-D838E9530B26}.Release|Any CPU.Build.0 = Release|Any CPU
		{6A7B6971-3C09-4B2D-87AE-D838E9530B26}.Release|x64.ActiveCfg = Release|Any CPU
		{6A7B6971-3C09-4B2D-87AE-D838E9530B26}.Release|x64.Build.0 = Release|Any CPU
		{6A7B6971-3C09-4B2D-87AE-D838E9530B26}.Release|x86.ActiveCfg = Release|Any CPU
		{6A7B6971-3C09-4B2D-87AE-D838E9530B26}.Release|x86.Build.0 = Release|Any CPU
	EndGlobalSection
	GlobalSection(NestedProjects) = preSolution
		{AA4FC097-61AE-4F1B-B198-3CC2382631EB} = {02224D59-AB20-4813-8BB9-50CE12354D3B}
		{AD948EA8-4599-447B-88A9-704372485590} = {02224D59-AB20-4813-8BB9-50CE12354D3B}
		{9F2A0D7B-BEA2-414C-920D-7F9A51C1401E} = {02224D59-AB20-4813-8BB9-50CE12354D3B}
		{6A7B6971-3C09-4B2D-87AE-D838E9530B26} = {02224D59-AB20-4813-8BB9-50CE12354D3B}
	EndGlobalSection
EndGlobal
